
Microsoft Visual Studio Solution File, Format Version 12.00
# Visual Studio Version 17
VisualStudioVersion = 17.11.35312.102
MinimumVisualStudioVersion = 10.0.40219.1
Project("{FAE04EC0-301F-11D3-BF4B-00C04F79EFBC}") = "EjerciciosC21", "EjerciciosC21.csproj", "{67D31FD2-5133-4ED7-82A1-84641368A4E5}"
EndProject
Global
	GlobalSection(SolutionConfigurationPlatforms) = preSolution
		Debug|Any CPU = Debug|Any CPU
		Release|Any CPU = Release|Any CPU
	EndGlobalSection
	GlobalSection(ProjectConfigurationPlatforms) = postSolution
		{67D31FD2-5133-4ED7-82A1-84641368A4E5}.Debug|Any CPU.ActiveCfg = Debug|Any CPU
		{67D31FD2-5133-4ED7-82A1-84641368A4E5}.Debug|Any CPU.Build.0 = Debug|Any CPU
		{67D31FD2-5133-4ED7-82A1-84641368A4E5}.Release|Any CPU.ActiveCfg = Release|Any CPU
		{67D31FD2-5133-4ED7-82A1-84641368A4E5}.Release|Any CPU.Build.0 = Release|Any CPU
	EndGlobalSection
	GlobalSection(SolutionProperties) = preSolution
		HideSolutionNode = FALSE
	EndGlobalSection
	GlobalSection(ExtensibilityGlobals) = postSolution
		SolutionGuid = {296F83CD-B0FF-4218-A3A8-7CD723C069DC}
	EndGlobalSection
EndGlobal
