
Microsoft Visual Studio Solution File, Format Version 12.00
# Visual Studio Version 17
VisualStudioVersion = 17.11.35303.130
MinimumVisualStudioVersion = 10.0.40219.1
Project("{FAE04EC0-301F-11D3-BF4B-00C04F79EFBC}") = "ProyectoConsolaPrueba1", "ProyectoConsolaPrueba1\ProyectoConsolaPrueba1.csproj", "{5573CAD4-D56A-4B10-A151-41D34CC7ACA1}"
EndProject
Project("{FAE04EC0-301F-11D3-BF4B-00C04F79EFBC}") = "ProgramacionAlgoritmos", "ProgramacionAlgoritmos\ProgramacionAlgoritmos.csproj", "{587B6883-8A08-4198-95A3-1750EED42A87}"
EndProject
Global
	GlobalSection(SolutionConfigurationPlatforms) = preSolution
		Debug|Any CPU = Debug|Any CPU
		Release|Any CPU = Release|Any CPU
	EndGlobalSection
	GlobalSection(ProjectConfigurationPlatforms) = postSolution
		{5573CAD4-D56A-4B10-A151-41D34CC7ACA1}.Debug|Any CPU.ActiveCfg = Debug|Any CPU
		{5573CAD4-D56A-4B10-A151-41D34CC7ACA1}.Debug|Any CPU.Build.0 = Debug|Any CPU
		{5573CAD4-D56A-4B10-A151-41D34CC7ACA1}.Release|Any CPU.ActiveCfg = Release|Any CPU
		{5573CAD4-D56A-4B10-A151-41D34CC7ACA1}.Release|Any CPU.Build.0 = Release|Any CPU
		{587B6883-8A08-4198-95A3-1750EED42A87}.Debug|Any CPU.ActiveCfg = Debug|Any CPU
		{587B6883-8A08-4198-95A3-1750EED42A87}.Debug|Any CPU.Build.0 = Debug|Any CPU
		{587B6883-8A08-4198-95A3-1750EED42A87}.Release|Any CPU.ActiveCfg = Release|Any CPU
		{587B6883-8A08-4198-95A3-1750EED42A87}.Release|Any CPU.Build.0 = Release|Any CPU
	EndGlobalSection
	GlobalSection(SolutionProperties) = preSolution
		HideSolutionNode = FALSE
	EndGlobalSection
	GlobalSection(ExtensibilityGlobals) = postSolution
		SolutionGuid = {5CA89B50-C6A8-4A0F-85EF-7D67972C3310}
	EndGlobalSection
EndGlobal
